
Microsoft Visual Studio Solution File, Format Version 12.00
# Visual Studio Version 16
VisualStudioVersion = 25.0.1706.11
MinimumVisualStudioVersion = 10.0.40219.1
Project("{FAE04EC0-301F-11D3-BF4B-00C04F79EFBC}") = "Week6-4", "Week6-4.csproj", "{B874B5B4-0E66-4284-BE37-5F283F4A6420}"
EndProject
Global
	GlobalSection(SolutionConfigurationPlatforms) = preSolution
		Debug|Any CPU = Debug|Any CPU
		Release|Any CPU = Release|Any CPU
	EndGlobalSection
	GlobalSection(ProjectConfigurationPlatforms) = postSolution
		{B874B5B4-0E66-4284-BE37-5F283F4A6420}.Debug|Any CPU.ActiveCfg = Debug|Any CPU
		{B874B5B4-0E66-4284-BE37-5F283F4A6420}.Debug|Any CPU.Build.0 = Debug|Any CPU
		{B874B5B4-0E66-4284-BE37-5F283F4A6420}.Release|Any CPU.ActiveCfg = Release|Any CPU
		{B874B5B4-0E66-4284-BE37-5F283F4A6420}.Release|Any CPU.Build.0 = Release|Any CPU
	EndGlobalSection
	GlobalSection(SolutionProperties) = preSolution
		HideSolutionNode = FALSE
	EndGlobalSection
	GlobalSection(ExtensibilityGlobals) = postSolution
		SolutionGuid = {AC7247FB-5E2D-42E8-AB26-FAA7D00433EB}
	EndGlobalSection
EndGlobal
